
Microsoft Visual Studio Solution File, Format Version 12.00
# Visual Studio Version 17
VisualStudioVersion = 17.9.34607.119
MinimumVisualStudioVersion = 10.0.40219.1
Project("{FAE04EC0-301F-11D3-BF4B-00C04F79EFBC}") = "FundamentalProgram", "FundamentalProgram.csproj", "{42862998-E23D-433B-ABCA-6A78B127543C}"
EndProject
Global
	GlobalSection(SolutionConfigurationPlatforms) = preSolution
		Debug|Any CPU = Debug|Any CPU
		Release|Any CPU = Release|Any CPU
	EndGlobalSection
	GlobalSection(ProjectConfigurationPlatforms) = postSolution
		{42862998-E23D-433B-ABCA-6A78B127543C}.Debug|Any CPU.ActiveCfg = Debug|Any CPU
		{42862998-E23D-433B-ABCA-6A78B127543C}.Debug|Any CPU.Build.0 = Debug|Any CPU
		{42862998-E23D-433B-ABCA-6A78B127543C}.Release|Any CPU.ActiveCfg = Release|Any CPU
		{42862998-E23D-433B-ABCA-6A78B127543C}.Release|Any CPU.Build.0 = Release|Any CPU
	EndGlobalSection
	GlobalSection(SolutionProperties) = preSolution
		HideSolutionNode = FALSE
	EndGlobalSection
	GlobalSection(ExtensibilityGlobals) = postSolution
		SolutionGuid = {6F050F28-B640-4CED-A215-1756D9D46AE6}
	EndGlobalSection
EndGlobal
